
Microsoft Visual Studio Solution File, Format Version 12.00
# Visual Studio Version 16
VisualStudioVersion = 16.0.29009.5
MinimumVisualStudioVersion = 10.0.40219.1
Project("{FAE04EC0-301F-11D3-BF4B-00C04F79EFBC}") = "CarShow", "CarShow.csproj", "{4F958FB2-6316-4F33-BE51-C624A97602F5}"
EndProject
Project("{FAE04EC0-301F-11D3-BF4B-00C04F79EFBC}") = "Carshow.DataAccessLayer", "..\Carshow.DataAccessLayer\Carshow.DataAccessLayer.csproj", "{9AC7E140-535C-49C4-9F50-4CC5BBD6D195}"
EndProject
Global
	GlobalSection(SolutionConfigurationPlatforms) = preSolution
		Debug|Any CPU = Debug|Any CPU
		Release|Any CPU = Release|Any CPU
	EndGlobalSection
	GlobalSection(ProjectConfigurationPlatforms) = postSolution
		{4F958FB2-6316-4F33-BE51-C624A97602F5}.Debug|Any CPU.ActiveCfg = Debug|Any CPU
		{4F958FB2-6316-4F33-BE51-C624A97602F5}.Debug|Any CPU.Build.0 = Debug|Any CPU
		{4F958FB2-6316-4F33-BE51-C624A97602F5}.Release|Any CPU.ActiveCfg = Release|Any CPU
		{4F958FB2-6316-4F33-BE51-C624A97602F5}.Release|Any CPU.Build.0 = Release|Any CPU
		{9AC7E140-535C-49C4-9F50-4CC5BBD6D195}.Debug|Any CPU.ActiveCfg = Debug|Any CPU
		{9AC7E140-535C-49C4-9F50-4CC5BBD6D195}.Debug|Any CPU.Build.0 = Debug|Any CPU
		{9AC7E140-535C-49C4-9F50-4CC5BBD6D195}.Release|Any CPU.ActiveCfg = Release|Any CPU
		{9AC7E140-535C-49C4-9F50-4CC5BBD6D195}.Release|Any CPU.Build.0 = Release|Any CPU
	EndGlobalSection
	GlobalSection(SolutionProperties) = preSolution
		HideSolutionNode = FALSE
	EndGlobalSection
	GlobalSection(ExtensibilityGlobals) = postSolution
		SolutionGuid = {E0D14421-3A6D-4DCA-ABDD-F4FB3227405B}
	EndGlobalSection
EndGlobal
